
Microsoft Visual Studio Solution File, Format Version 12.00
# Visual Studio Version 17
VisualStudioVersion = 17.7.34003.232
MinimumVisualStudioVersion = 10.0.40219.1
Project("{FAE04EC0-301F-11D3-BF4B-00C04F79EFBC}") = "Banksistem", "Banksistem\Banksistem.csproj", "{10C6A0AA-F723-4CFE-B593-51C43D5206DE}"
EndProject
Global
	GlobalSection(SolutionConfigurationPlatforms) = preSolution
		Debug|Any CPU = Debug|Any CPU
		Release|Any CPU = Release|Any CPU
	EndGlobalSection
	GlobalSection(ProjectConfigurationPlatforms) = postSolution
		{10C6A0AA-F723-4CFE-B593-51C43D5206DE}.Debug|Any CPU.ActiveCfg = Debug|Any CPU
		{10C6A0AA-F723-4CFE-B593-51C43D5206DE}.Debug|Any CPU.Build.0 = Debug|Any CPU
		{10C6A0AA-F723-4CFE-B593-51C43D5206DE}.Release|Any CPU.ActiveCfg = Release|Any CPU
		{10C6A0AA-F723-4CFE-B593-51C43D5206DE}.Release|Any CPU.Build.0 = Release|Any CPU
	EndGlobalSection
	GlobalSection(SolutionProperties) = preSolution
		HideSolutionNode = FALSE
	EndGlobalSection
	GlobalSection(ExtensibilityGlobals) = postSolution
		SolutionGuid = {14516D80-504B-4DDB-BC01-77493CCFD0BA}
	EndGlobalSection
EndGlobal
